
Microsoft Visual Studio Solution File, Format Version 12.00
# Visual Studio 2013
VisualStudioVersion = 12.0.31101.0
MinimumVisualStudioVersion = 10.0.40219.1
Project("{FAE04EC0-301F-11D3-BF4B-00C04F79EFBC}") = "Problem1", "HWErrorHandling\Problem1.csproj", "{BA2D162B-429F-4DA8-9907-573735172EC1}"
EndProject
Project("{FAE04EC0-301F-11D3-BF4B-00C04F79EFBC}") = "Problem2", "Problem2\Problem2.csproj", "{ABD821B4-90F0-4970-AFEA-40072AB2A0EB}"
EndProject
Project("{FAE04EC0-301F-11D3-BF4B-00C04F79EFBC}") = "Problem3", "Problem3\Problem3.csproj", "{4CF88B83-046C-455C-9965-9E4A9CA2F27B}"
EndProject
Project("{FAE04EC0-301F-11D3-BF4B-00C04F79EFBC}") = "Problem4", "Problem4\Problem4.csproj", "{F99D614A-937C-4D41-B978-757BB3252C03}"
EndProject
Global
	GlobalSection(SolutionConfigurationPlatforms) = preSolution
		Debug|Any CPU = Debug|Any CPU
		Release|Any CPU = Release|Any CPU
	EndGlobalSection
	GlobalSection(ProjectConfigurationPlatforms) = postSolution
		{BA2D162B-429F-4DA8-9907-573735172EC1}.Debug|Any CPU.ActiveCfg = Debug|Any CPU
		{BA2D162B-429F-4DA8-9907-573735172EC1}.Debug|Any CPU.Build.0 = Debug|Any CPU
		{BA2D162B-429F-4DA8-9907-573735172EC1}.Release|Any CPU.ActiveCfg = Release|Any CPU
		{BA2D162B-429F-4DA8-9907-573735172EC1}.Release|Any CPU.Build.0 = Release|Any CPU
		{ABD821B4-90F0-4970-AFEA-40072AB2A0EB}.Debug|Any CPU.ActiveCfg = Debug|Any CPU
		{ABD821B4-90F0-4970-AFEA-40072AB2A0EB}.Debug|Any CPU.Build.0 = Debug|Any CPU
		{ABD821B4-90F0-4970-AFEA-40072AB2A0EB}.Release|Any CPU.ActiveCfg = Release|Any CPU
		{ABD821B4-90F0-4970-AFEA-40072AB2A0EB}.Release|Any CPU.Build.0 = Release|Any CPU
		{4CF88B83-046C-455C-9965-9E4A9CA2F27B}.Debug|Any CPU.ActiveCfg = Debug|Any CPU
		{4CF88B83-046C-455C-9965-9E4A9CA2F27B}.Debug|Any CPU.Build.0 = Debug|Any CPU
		{4CF88B83-046C-455C-9965-9E4A9CA2F27B}.Release|Any CPU.ActiveCfg = Release|Any CPU
		{4CF88B83-046C-455C-9965-9E4A9CA2F27B}.Release|Any CPU.Build.0 = Release|Any CPU
		{F99D614A-937C-4D41-B978-757BB3252C03}.Debug|Any CPU.ActiveCfg = Debug|Any CPU
		{F99D614A-937C-4D41-B978-757BB3252C03}.Debug|Any CPU.Build.0 = Debug|Any CPU
		{F99D614A-937C-4D41-B978-757BB3252C03}.Release|Any CPU.ActiveCfg = Release|Any CPU
		{F99D614A-937C-4D41-B978-757BB3252C03}.Release|Any CPU.Build.0 = Release|Any CPU
	EndGlobalSection
	GlobalSection(SolutionProperties) = preSolution
		HideSolutionNode = FALSE
	EndGlobalSection
EndGlobal
