
Microsoft Visual Studio Solution File, Format Version 12.00
# Visual Studio 2013
VisualStudioVersion = 12.0.31101.0
MinimumVisualStudioVersion = 10.0.40219.1
Project("{FAE04EC0-301F-11D3-BF4B-00C04F79EFBC}") = "Exam", "Exam\Exam.csproj", "{BC1701D2-5DF5-45E2-8E53-3136A2C23AE2}"
EndProject
Project("{FAE04EC0-301F-11D3-BF4B-00C04F79EFBC}") = "Exam2", "Exam2\Exam2.csproj", "{7A4AD89F-1065-4B7D-B204-128797CFB11B}"
EndProject
Project("{FAE04EC0-301F-11D3-BF4B-00C04F79EFBC}") = "Exam3", "Exam3\Exam3.csproj", "{82766A4D-B80D-43A0-A26E-469F68470F08}"
EndProject
Project("{FAE04EC0-301F-11D3-BF4B-00C04F79EFBC}") = "Exam4", "Exam4\Exam4.csproj", "{787E02AA-47B0-43E6-BAF4-67256F913933}"
EndProject
Project("{FAE04EC0-301F-11D3-BF4B-00C04F79EFBC}") = "Exam5", "Exam5\Exam5.csproj", "{520E1E0D-5645-442E-B774-8B808C7865B2}"
EndProject
Project("{FAE04EC0-301F-11D3-BF4B-00C04F79EFBC}") = "test", "test\test.csproj", "{6EBFECA3-6A06-4809-B5C6-2851AFAE4B6C}"
EndProject
Global
	GlobalSection(SolutionConfigurationPlatforms) = preSolution
		Debug|Any CPU = Debug|Any CPU
		Release|Any CPU = Release|Any CPU
	EndGlobalSection
	GlobalSection(ProjectConfigurationPlatforms) = postSolution
		{BC1701D2-5DF5-45E2-8E53-3136A2C23AE2}.Debug|Any CPU.ActiveCfg = Debug|Any CPU
		{BC1701D2-5DF5-45E2-8E53-3136A2C23AE2}.Debug|Any CPU.Build.0 = Debug|Any CPU
		{BC1701D2-5DF5-45E2-8E53-3136A2C23AE2}.Release|Any CPU.ActiveCfg = Release|Any CPU
		{BC1701D2-5DF5-45E2-8E53-3136A2C23AE2}.Release|Any CPU.Build.0 = Release|Any CPU
		{7A4AD89F-1065-4B7D-B204-128797CFB11B}.Debug|Any CPU.ActiveCfg = Debug|Any CPU
		{7A4AD89F-1065-4B7D-B204-128797CFB11B}.Debug|Any CPU.Build.0 = Debug|Any CPU
		{7A4AD89F-1065-4B7D-B204-128797CFB11B}.Release|Any CPU.ActiveCfg = Release|Any CPU
		{7A4AD89F-1065-4B7D-B204-128797CFB11B}.Release|Any CPU.Build.0 = Release|Any CPU
		{82766A4D-B80D-43A0-A26E-469F68470F08}.Debug|Any CPU.ActiveCfg = Debug|Any CPU
		{82766A4D-B80D-43A0-A26E-469F68470F08}.Debug|Any CPU.Build.0 = Debug|Any CPU
		{82766A4D-B80D-43A0-A26E-469F68470F08}.Release|Any CPU.ActiveCfg = Release|Any CPU
		{82766A4D-B80D-43A0-A26E-469F68470F08}.Release|Any CPU.Build.0 = Release|Any CPU
		{787E02AA-47B0-43E6-BAF4-67256F913933}.Debug|Any CPU.ActiveCfg = Debug|Any CPU
		{787E02AA-47B0-43E6-BAF4-67256F913933}.Debug|Any CPU.Build.0 = Debug|Any CPU
		{787E02AA-47B0-43E6-BAF4-67256F913933}.Release|Any CPU.ActiveCfg = Release|Any CPU
		{787E02AA-47B0-43E6-BAF4-67256F913933}.Release|Any CPU.Build.0 = Release|Any CPU
		{520E1E0D-5645-442E-B774-8B808C7865B2}.Debug|Any CPU.ActiveCfg = Debug|Any CPU
		{520E1E0D-5645-442E-B774-8B808C7865B2}.Debug|Any CPU.Build.0 = Debug|Any CPU
		{520E1E0D-5645-442E-B774-8B808C7865B2}.Release|Any CPU.ActiveCfg = Release|Any CPU
		{520E1E0D-5645-442E-B774-8B808C7865B2}.Release|Any CPU.Build.0 = Release|Any CPU
		{6EBFECA3-6A06-4809-B5C6-2851AFAE4B6C}.Debug|Any CPU.ActiveCfg = Debug|Any CPU
		{6EBFECA3-6A06-4809-B5C6-2851AFAE4B6C}.Debug|Any CPU.Build.0 = Debug|Any CPU
		{6EBFECA3-6A06-4809-B5C6-2851AFAE4B6C}.Release|Any CPU.ActiveCfg = Release|Any CPU
		{6EBFECA3-6A06-4809-B5C6-2851AFAE4B6C}.Release|Any CPU.Build.0 = Release|Any CPU
	EndGlobalSection
	GlobalSection(SolutionProperties) = preSolution
		HideSolutionNode = FALSE
	EndGlobalSection
EndGlobal
