
Microsoft Visual Studio Solution File, Format Version 12.00
# Visual Studio 2013
VisualStudioVersion = 12.0.31101.0
MinimumVisualStudioVersion = 10.0.40219.1
Project("{FAE04EC0-301F-11D3-BF4B-00C04F79EFBC}") = "1-04 Hello CSharp", "Week1 Homework\1-04 Hello CSharp.csproj", "{312A7265-39AC-44C9-9E2E-F9445F193042}"
EndProject
Project("{FAE04EC0-301F-11D3-BF4B-00C04F79EFBC}") = "1-05 MyName", "1-05 MyName\1-05 MyName.csproj", "{9C43B149-D57B-4482-A83A-921AF3581FE7}"
EndProject
Project("{FAE04EC0-301F-11D3-BF4B-00C04F79EFBC}") = "1-06 Print Numbers", "1-06 Print Numbers\1-06 Print Numbers.csproj", "{CE2960DC-6AFF-4C1E-8493-1C3D1AA8D300}"
EndProject
Project("{FAE04EC0-301F-11D3-BF4B-00C04F79EFBC}") = "1-07 First Last Name", "1-07 First Last Name\1-07 First Last Name.csproj", "{B87CF9C8-F18B-4332-B289-D27B4AD6088B}"
EndProject
Project("{FAE04EC0-301F-11D3-BF4B-00C04F79EFBC}") = "1-08 SQRT", "1-08 SQRT\1-08 SQRT.csproj", "{E2BDBC5C-1944-45C4-91A3-880EA1F05E9B}"
EndProject
Project("{FAE04EC0-301F-11D3-BF4B-00C04F79EFBC}") = "1-09 Sequence", "1-09 Sequence\1-09 Sequence.csproj", "{7BB2FDD5-DE79-45C6-AE4A-686632110472}"
EndProject
Project("{FAE04EC0-301F-11D3-BF4B-00C04F79EFBC}") = "1-10 Reformat", "1-10 Reformat\1-10 Reformat.csproj", "{0AA3716C-F42A-4634-9F79-08E4C48737BC}"
EndProject
Project("{FAE04EC0-301F-11D3-BF4B-00C04F79EFBC}") = "1-14 Current Date and Time", "1-14 Current Date and Time\1-14 Current Date and Time.csproj", "{956E4ACD-5785-468E-916C-BD920B87034A}"
EndProject
Project("{FAE04EC0-301F-11D3-BF4B-00C04F79EFBC}") = "1-15 MyAge", "1-15 MyAge\1-15 MyAge.csproj", "{A52DC5FA-C891-4D17-80AF-B32E39797935}"
EndProject
Project("{FAE04EC0-301F-11D3-BF4B-00C04F79EFBC}") = "P1-16", "P1-16\P1-16.csproj", "{696C24CD-7574-4A78-A647-AFCF90F380D1}"
EndProject
Global
	GlobalSection(SolutionConfigurationPlatforms) = preSolution
		Debug|Any CPU = Debug|Any CPU
		Release|Any CPU = Release|Any CPU
	EndGlobalSection
	GlobalSection(ProjectConfigurationPlatforms) = postSolution
		{312A7265-39AC-44C9-9E2E-F9445F193042}.Debug|Any CPU.ActiveCfg = Debug|Any CPU
		{312A7265-39AC-44C9-9E2E-F9445F193042}.Debug|Any CPU.Build.0 = Debug|Any CPU
		{312A7265-39AC-44C9-9E2E-F9445F193042}.Release|Any CPU.ActiveCfg = Release|Any CPU
		{312A7265-39AC-44C9-9E2E-F9445F193042}.Release|Any CPU.Build.0 = Release|Any CPU
		{9C43B149-D57B-4482-A83A-921AF3581FE7}.Debug|Any CPU.ActiveCfg = Debug|Any CPU
		{9C43B149-D57B-4482-A83A-921AF3581FE7}.Debug|Any CPU.Build.0 = Debug|Any CPU
		{9C43B149-D57B-4482-A83A-921AF3581FE7}.Release|Any CPU.ActiveCfg = Release|Any CPU
		{9C43B149-D57B-4482-A83A-921AF3581FE7}.Release|Any CPU.Build.0 = Release|Any CPU
		{CE2960DC-6AFF-4C1E-8493-1C3D1AA8D300}.Debug|Any CPU.ActiveCfg = Debug|Any CPU
		{CE2960DC-6AFF-4C1E-8493-1C3D1AA8D300}.Debug|Any CPU.Build.0 = Debug|Any CPU
		{CE2960DC-6AFF-4C1E-8493-1C3D1AA8D300}.Release|Any CPU.ActiveCfg = Release|Any CPU
		{CE2960DC-6AFF-4C1E-8493-1C3D1AA8D300}.Release|Any CPU.Build.0 = Release|Any CPU
		{B87CF9C8-F18B-4332-B289-D27B4AD6088B}.Debug|Any CPU.ActiveCfg = Debug|Any CPU
		{B87CF9C8-F18B-4332-B289-D27B4AD6088B}.Debug|Any CPU.Build.0 = Debug|Any CPU
		{B87CF9C8-F18B-4332-B289-D27B4AD6088B}.Release|Any CPU.ActiveCfg = Release|Any CPU
		{B87CF9C8-F18B-4332-B289-D27B4AD6088B}.Release|Any CPU.Build.0 = Release|Any CPU
		{E2BDBC5C-1944-45C4-91A3-880EA1F05E9B}.Debug|Any CPU.ActiveCfg = Debug|Any CPU
		{E2BDBC5C-1944-45C4-91A3-880EA1F05E9B}.Debug|Any CPU.Build.0 = Debug|Any CPU
		{E2BDBC5C-1944-45C4-91A3-880EA1F05E9B}.Release|Any CPU.ActiveCfg = Release|Any CPU
		{E2BDBC5C-1944-45C4-91A3-880EA1F05E9B}.Release|Any CPU.Build.0 = Release|Any CPU
		{7BB2FDD5-DE79-45C6-AE4A-686632110472}.Debug|Any CPU.ActiveCfg = Debug|Any CPU
		{7BB2FDD5-DE79-45C6-AE4A-686632110472}.Debug|Any CPU.Build.0 = Debug|Any CPU
		{7BB2FDD5-DE79-45C6-AE4A-686632110472}.Release|Any CPU.ActiveCfg = Release|Any CPU
		{7BB2FDD5-DE79-45C6-AE4A-686632110472}.Release|Any CPU.Build.0 = Release|Any CPU
		{0AA3716C-F42A-4634-9F79-08E4C48737BC}.Debug|Any CPU.ActiveCfg = Debug|Any CPU
		{0AA3716C-F42A-4634-9F79-08E4C48737BC}.Debug|Any CPU.Build.0 = Debug|Any CPU
		{0AA3716C-F42A-4634-9F79-08E4C48737BC}.Release|Any CPU.ActiveCfg = Release|Any CPU
		{0AA3716C-F42A-4634-9F79-08E4C48737BC}.Release|Any CPU.Build.0 = Release|Any CPU
		{956E4ACD-5785-468E-916C-BD920B87034A}.Debug|Any CPU.ActiveCfg = Debug|Any CPU
		{956E4ACD-5785-468E-916C-BD920B87034A}.Debug|Any CPU.Build.0 = Debug|Any CPU
		{956E4ACD-5785-468E-916C-BD920B87034A}.Release|Any CPU.ActiveCfg = Release|Any CPU
		{956E4ACD-5785-468E-916C-BD920B87034A}.Release|Any CPU.Build.0 = Release|Any CPU
		{A52DC5FA-C891-4D17-80AF-B32E39797935}.Debug|Any CPU.ActiveCfg = Debug|Any CPU
		{A52DC5FA-C891-4D17-80AF-B32E39797935}.Debug|Any CPU.Build.0 = Debug|Any CPU
		{A52DC5FA-C891-4D17-80AF-B32E39797935}.Release|Any CPU.ActiveCfg = Release|Any CPU
		{A52DC5FA-C891-4D17-80AF-B32E39797935}.Release|Any CPU.Build.0 = Release|Any CPU
		{696C24CD-7574-4A78-A647-AFCF90F380D1}.Debug|Any CPU.ActiveCfg = Debug|Any CPU
		{696C24CD-7574-4A78-A647-AFCF90F380D1}.Debug|Any CPU.Build.0 = Debug|Any CPU
		{696C24CD-7574-4A78-A647-AFCF90F380D1}.Release|Any CPU.ActiveCfg = Release|Any CPU
		{696C24CD-7574-4A78-A647-AFCF90F380D1}.Release|Any CPU.Build.0 = Release|Any CPU
	EndGlobalSection
	GlobalSection(SolutionProperties) = preSolution
		HideSolutionNode = FALSE
	EndGlobalSection
EndGlobal
