
Microsoft Visual Studio Solution File, Format Version 12.00
# Visual Studio 2013
VisualStudioVersion = 12.0.31101.0
MinimumVisualStudioVersion = 10.0.40219.1
Project("{FAE04EC0-301F-11D3-BF4B-00C04F79EFBC}") = "Exam2", "Exam2\Exam2.csproj", "{F3657A63-1717-4764-AD86-87CC99E90253}"
EndProject
Project("{FAE04EC0-301F-11D3-BF4B-00C04F79EFBC}") = "Problem2", "Problem2\Problem2.csproj", "{286C1D3D-89F5-4A7B-99D0-FADAE991B08A}"
EndProject
Project("{FAE04EC0-301F-11D3-BF4B-00C04F79EFBC}") = "Problem3", "Problem3\Problem3.csproj", "{E290453E-AC0F-405A-8D8D-05DBD5526570}"
EndProject
Project("{FAE04EC0-301F-11D3-BF4B-00C04F79EFBC}") = "Problem5", "Problem5\Problem5.csproj", "{D1312EE9-8D7F-4E32-993F-412464761903}"
EndProject
Project("{FAE04EC0-301F-11D3-BF4B-00C04F79EFBC}") = "Problem4", "Problem4\Problem4.csproj", "{C453E5D1-4CE1-4E56-91B6-8122D1ED5762}"
EndProject
Global
	GlobalSection(SolutionConfigurationPlatforms) = preSolution
		Debug|Any CPU = Debug|Any CPU
		Release|Any CPU = Release|Any CPU
	EndGlobalSection
	GlobalSection(ProjectConfigurationPlatforms) = postSolution
		{F3657A63-1717-4764-AD86-87CC99E90253}.Debug|Any CPU.ActiveCfg = Debug|Any CPU
		{F3657A63-1717-4764-AD86-87CC99E90253}.Debug|Any CPU.Build.0 = Debug|Any CPU
		{F3657A63-1717-4764-AD86-87CC99E90253}.Release|Any CPU.ActiveCfg = Release|Any CPU
		{F3657A63-1717-4764-AD86-87CC99E90253}.Release|Any CPU.Build.0 = Release|Any CPU
		{286C1D3D-89F5-4A7B-99D0-FADAE991B08A}.Debug|Any CPU.ActiveCfg = Debug|Any CPU
		{286C1D3D-89F5-4A7B-99D0-FADAE991B08A}.Debug|Any CPU.Build.0 = Debug|Any CPU
		{286C1D3D-89F5-4A7B-99D0-FADAE991B08A}.Release|Any CPU.ActiveCfg = Release|Any CPU
		{286C1D3D-89F5-4A7B-99D0-FADAE991B08A}.Release|Any CPU.Build.0 = Release|Any CPU
		{E290453E-AC0F-405A-8D8D-05DBD5526570}.Debug|Any CPU.ActiveCfg = Debug|Any CPU
		{E290453E-AC0F-405A-8D8D-05DBD5526570}.Debug|Any CPU.Build.0 = Debug|Any CPU
		{E290453E-AC0F-405A-8D8D-05DBD5526570}.Release|Any CPU.ActiveCfg = Release|Any CPU
		{E290453E-AC0F-405A-8D8D-05DBD5526570}.Release|Any CPU.Build.0 = Release|Any CPU
		{D1312EE9-8D7F-4E32-993F-412464761903}.Debug|Any CPU.ActiveCfg = Debug|Any CPU
		{D1312EE9-8D7F-4E32-993F-412464761903}.Debug|Any CPU.Build.0 = Debug|Any CPU
		{D1312EE9-8D7F-4E32-993F-412464761903}.Release|Any CPU.ActiveCfg = Release|Any CPU
		{D1312EE9-8D7F-4E32-993F-412464761903}.Release|Any CPU.Build.0 = Release|Any CPU
		{C453E5D1-4CE1-4E56-91B6-8122D1ED5762}.Debug|Any CPU.ActiveCfg = Debug|Any CPU
		{C453E5D1-4CE1-4E56-91B6-8122D1ED5762}.Debug|Any CPU.Build.0 = Debug|Any CPU
		{C453E5D1-4CE1-4E56-91B6-8122D1ED5762}.Release|Any CPU.ActiveCfg = Release|Any CPU
		{C453E5D1-4CE1-4E56-91B6-8122D1ED5762}.Release|Any CPU.Build.0 = Release|Any CPU
	EndGlobalSection
	GlobalSection(SolutionProperties) = preSolution
		HideSolutionNode = FALSE
	EndGlobalSection
EndGlobal
