
Microsoft Visual Studio Solution File, Format Version 12.00
# Visual Studio 2013
VisualStudioVersion = 12.0.31101.0
MinimumVisualStudioVersion = 10.0.40219.1
Project("{FAE04EC0-301F-11D3-BF4B-00C04F79EFBC}") = "Problem 1", "Week3_1 HomeWork\Problem 1.csproj", "{4A304B05-0C15-4EA3-9D5E-D8AD602B18D9}"
EndProject
Project("{FAE04EC0-301F-11D3-BF4B-00C04F79EFBC}") = "Problem 2", "Problem 2\Problem 2.csproj", "{4EFED9BD-29D7-446A-8E6C-14496647B409}"
EndProject
Project("{FAE04EC0-301F-11D3-BF4B-00C04F79EFBC}") = "Problem 3", "Problem 3\Problem 3.csproj", "{7D3D42C2-7E30-4690-894D-703634A3FA9F}"
EndProject
Project("{FAE04EC0-301F-11D3-BF4B-00C04F79EFBC}") = "Problem 4", "Problem 4\Problem 4.csproj", "{C7D0803A-0931-4C43-820F-157951524C2E}"
EndProject
Project("{FAE04EC0-301F-11D3-BF4B-00C04F79EFBC}") = "Problem 6", "Problem 6\Problem 6.csproj", "{C2663AAF-2067-4F2F-89A6-F70EFEC4F9AB}"
EndProject
Project("{FAE04EC0-301F-11D3-BF4B-00C04F79EFBC}") = "Problem 7", "Problem 7\Problem 7.csproj", "{0FAC2F8F-FD30-4CD4-B08C-DF7CDE1C674D}"
EndProject
Project("{FAE04EC0-301F-11D3-BF4B-00C04F79EFBC}") = "Problem 8", "Problem 8\Problem 8.csproj", "{E11A0A73-EE83-4CF6-BC17-04B76898933F}"
EndProject
Project("{FAE04EC0-301F-11D3-BF4B-00C04F79EFBC}") = "Problem 9", "Problem 9\Problem 9.csproj", "{DC75DD9C-5DBA-4CC4-8DE8-AE93F4697FF1}"
EndProject
Project("{FAE04EC0-301F-11D3-BF4B-00C04F79EFBC}") = "Problem 10", "Problem 10\Problem 10.csproj", "{7F8BDB3D-A363-4C84-82C8-C0A739F9E43A}"
EndProject
Project("{FAE04EC0-301F-11D3-BF4B-00C04F79EFBC}") = "Problem 11", "Problem 11\Problem 11.csproj", "{29657BAA-7E0F-431E-84C4-6E53E2466F04}"
EndProject
Project("{FAE04EC0-301F-11D3-BF4B-00C04F79EFBC}") = "Problem 12", "Problem 12\Problem 12.csproj", "{9FC68DB8-13F9-41D8-8FA3-1AB92606EB69}"
EndProject
Global
	GlobalSection(SolutionConfigurationPlatforms) = preSolution
		Debug|Any CPU = Debug|Any CPU
		Release|Any CPU = Release|Any CPU
	EndGlobalSection
	GlobalSection(ProjectConfigurationPlatforms) = postSolution
		{4A304B05-0C15-4EA3-9D5E-D8AD602B18D9}.Debug|Any CPU.ActiveCfg = Debug|Any CPU
		{4A304B05-0C15-4EA3-9D5E-D8AD602B18D9}.Debug|Any CPU.Build.0 = Debug|Any CPU
		{4A304B05-0C15-4EA3-9D5E-D8AD602B18D9}.Release|Any CPU.ActiveCfg = Release|Any CPU
		{4A304B05-0C15-4EA3-9D5E-D8AD602B18D9}.Release|Any CPU.Build.0 = Release|Any CPU
		{4EFED9BD-29D7-446A-8E6C-14496647B409}.Debug|Any CPU.ActiveCfg = Debug|Any CPU
		{4EFED9BD-29D7-446A-8E6C-14496647B409}.Debug|Any CPU.Build.0 = Debug|Any CPU
		{4EFED9BD-29D7-446A-8E6C-14496647B409}.Release|Any CPU.ActiveCfg = Release|Any CPU
		{4EFED9BD-29D7-446A-8E6C-14496647B409}.Release|Any CPU.Build.0 = Release|Any CPU
		{7D3D42C2-7E30-4690-894D-703634A3FA9F}.Debug|Any CPU.ActiveCfg = Debug|Any CPU
		{7D3D42C2-7E30-4690-894D-703634A3FA9F}.Debug|Any CPU.Build.0 = Debug|Any CPU
		{7D3D42C2-7E30-4690-894D-703634A3FA9F}.Release|Any CPU.ActiveCfg = Release|Any CPU
		{7D3D42C2-7E30-4690-894D-703634A3FA9F}.Release|Any CPU.Build.0 = Release|Any CPU
		{C7D0803A-0931-4C43-820F-157951524C2E}.Debug|Any CPU.ActiveCfg = Debug|Any CPU
		{C7D0803A-0931-4C43-820F-157951524C2E}.Debug|Any CPU.Build.0 = Debug|Any CPU
		{C7D0803A-0931-4C43-820F-157951524C2E}.Release|Any CPU.ActiveCfg = Release|Any CPU
		{C7D0803A-0931-4C43-820F-157951524C2E}.Release|Any CPU.Build.0 = Release|Any CPU
		{C2663AAF-2067-4F2F-89A6-F70EFEC4F9AB}.Debug|Any CPU.ActiveCfg = Debug|Any CPU
		{C2663AAF-2067-4F2F-89A6-F70EFEC4F9AB}.Debug|Any CPU.Build.0 = Debug|Any CPU
		{C2663AAF-2067-4F2F-89A6-F70EFEC4F9AB}.Release|Any CPU.ActiveCfg = Release|Any CPU
		{C2663AAF-2067-4F2F-89A6-F70EFEC4F9AB}.Release|Any CPU.Build.0 = Release|Any CPU
		{0FAC2F8F-FD30-4CD4-B08C-DF7CDE1C674D}.Debug|Any CPU.ActiveCfg = Debug|Any CPU
		{0FAC2F8F-FD30-4CD4-B08C-DF7CDE1C674D}.Debug|Any CPU.Build.0 = Debug|Any CPU
		{0FAC2F8F-FD30-4CD4-B08C-DF7CDE1C674D}.Release|Any CPU.ActiveCfg = Release|Any CPU
		{0FAC2F8F-FD30-4CD4-B08C-DF7CDE1C674D}.Release|Any CPU.Build.0 = Release|Any CPU
		{E11A0A73-EE83-4CF6-BC17-04B76898933F}.Debug|Any CPU.ActiveCfg = Debug|Any CPU
		{E11A0A73-EE83-4CF6-BC17-04B76898933F}.Debug|Any CPU.Build.0 = Debug|Any CPU
		{E11A0A73-EE83-4CF6-BC17-04B76898933F}.Release|Any CPU.ActiveCfg = Release|Any CPU
		{E11A0A73-EE83-4CF6-BC17-04B76898933F}.Release|Any CPU.Build.0 = Release|Any CPU
		{DC75DD9C-5DBA-4CC4-8DE8-AE93F4697FF1}.Debug|Any CPU.ActiveCfg = Debug|Any CPU
		{DC75DD9C-5DBA-4CC4-8DE8-AE93F4697FF1}.Debug|Any CPU.Build.0 = Debug|Any CPU
		{DC75DD9C-5DBA-4CC4-8DE8-AE93F4697FF1}.Release|Any CPU.ActiveCfg = Release|Any CPU
		{DC75DD9C-5DBA-4CC4-8DE8-AE93F4697FF1}.Release|Any CPU.Build.0 = Release|Any CPU
		{7F8BDB3D-A363-4C84-82C8-C0A739F9E43A}.Debug|Any CPU.ActiveCfg = Debug|Any CPU
		{7F8BDB3D-A363-4C84-82C8-C0A739F9E43A}.Debug|Any CPU.Build.0 = Debug|Any CPU
		{7F8BDB3D-A363-4C84-82C8-C0A739F9E43A}.Release|Any CPU.ActiveCfg = Release|Any CPU
		{7F8BDB3D-A363-4C84-82C8-C0A739F9E43A}.Release|Any CPU.Build.0 = Release|Any CPU
		{29657BAA-7E0F-431E-84C4-6E53E2466F04}.Debug|Any CPU.ActiveCfg = Debug|Any CPU
		{29657BAA-7E0F-431E-84C4-6E53E2466F04}.Debug|Any CPU.Build.0 = Debug|Any CPU
		{29657BAA-7E0F-431E-84C4-6E53E2466F04}.Release|Any CPU.ActiveCfg = Release|Any CPU
		{29657BAA-7E0F-431E-84C4-6E53E2466F04}.Release|Any CPU.Build.0 = Release|Any CPU
		{9FC68DB8-13F9-41D8-8FA3-1AB92606EB69}.Debug|Any CPU.ActiveCfg = Debug|Any CPU
		{9FC68DB8-13F9-41D8-8FA3-1AB92606EB69}.Debug|Any CPU.Build.0 = Debug|Any CPU
		{9FC68DB8-13F9-41D8-8FA3-1AB92606EB69}.Release|Any CPU.ActiveCfg = Release|Any CPU
		{9FC68DB8-13F9-41D8-8FA3-1AB92606EB69}.Release|Any CPU.Build.0 = Release|Any CPU
	EndGlobalSection
	GlobalSection(SolutionProperties) = preSolution
		HideSolutionNode = FALSE
	EndGlobalSection
EndGlobal
