
Microsoft Visual Studio Solution File, Format Version 12.00
# Visual Studio 2013
VisualStudioVersion = 12.0.31101.0
MinimumVisualStudioVersion = 10.0.40219.1
Project("{FAE04EC0-301F-11D3-BF4B-00C04F79EFBC}") = "Problem01", "HWArrays\Problem01.csproj", "{EB49E7C5-7A08-4F84-B16A-0B8C650AC220}"
EndProject
Project("{FAE04EC0-301F-11D3-BF4B-00C04F79EFBC}") = "Problem02", "Problem02\Problem02.csproj", "{63F617B3-70AB-468B-A91F-E79890511761}"
EndProject
Project("{FAE04EC0-301F-11D3-BF4B-00C04F79EFBC}") = "Problem03", "Problem03\Problem03.csproj", "{11F0EA3D-C505-4509-BE06-36FD5E44A6CA}"
EndProject
Project("{FAE04EC0-301F-11D3-BF4B-00C04F79EFBC}") = "Problem04", "Problem04\Problem04.csproj", "{70768AA3-6610-42FF-BF6F-1D6FBF65B5F6}"
EndProject
Project("{FAE04EC0-301F-11D3-BF4B-00C04F79EFBC}") = "Problem05", "Problem05\Problem05.csproj", "{D3895714-D14F-4803-897D-2CF27FD009C5}"
EndProject
Project("{FAE04EC0-301F-11D3-BF4B-00C04F79EFBC}") = "Problem06", "Problem06\Problem06.csproj", "{C24EE135-32FF-4505-8DBA-485CEC3FCE79}"
EndProject
Project("{FAE04EC0-301F-11D3-BF4B-00C04F79EFBC}") = "Problem07", "Problem07\Problem07.csproj", "{E92E6B4A-2052-48D5-997A-51E9D03B9C3B}"
EndProject
Project("{FAE04EC0-301F-11D3-BF4B-00C04F79EFBC}") = "Problem08", "Problem)8\Problem08.csproj", "{6877C84C-EDB3-492D-8AC9-58B1206FB092}"
EndProject
Project("{FAE04EC0-301F-11D3-BF4B-00C04F79EFBC}") = "Problem09", "Problem)9\Problem09.csproj", "{794FCBF0-1C34-4CAE-A0E7-363127C52D30}"
EndProject
Project("{FAE04EC0-301F-11D3-BF4B-00C04F79EFBC}") = "Problem10", "Problem10\Problem10.csproj", "{B6069195-5CBA-4CAF-9651-C7F473210DA6}"
EndProject
Project("{FAE04EC0-301F-11D3-BF4B-00C04F79EFBC}") = "Problem11", "Problem11\Problem11.csproj", "{820A4A0F-99A2-4F4B-A29A-409E6A31431B}"
EndProject
Project("{FAE04EC0-301F-11D3-BF4B-00C04F79EFBC}") = "Problem13", "Problem13\Problem13.csproj", "{19BE6F8A-7494-48A3-B977-0CDE754F9678}"
EndProject
Project("{FAE04EC0-301F-11D3-BF4B-00C04F79EFBC}") = "Problem14", "Problem14\Problem14.csproj", "{6CAE3AC0-DA4F-49A2-AAC4-7ED23B4AB82E}"
EndProject
Project("{FAE04EC0-301F-11D3-BF4B-00C04F79EFBC}") = "Problem15", "Problem15\Problem15.csproj", "{E15128CB-7637-4DAC-961B-07990CBC2892}"
EndProject
Project("{FAE04EC0-301F-11D3-BF4B-00C04F79EFBC}") = "Problem16", "Problem16\Problem16.csproj", "{A16AEC2B-B70E-456C-8162-3F73780CD318}"
EndProject
Project("{FAE04EC0-301F-11D3-BF4B-00C04F79EFBC}") = "Problem17", "Problem17\Problem17.csproj", "{65A3CAEB-A77C-41E4-AA32-B88B9A0C2A6B}"
EndProject
Project("{FAE04EC0-301F-11D3-BF4B-00C04F79EFBC}") = "Problem18", "Problem18\Problem18.csproj", "{1CAD8B1D-06BC-4EE1-82AB-3D439A065C57}"
EndProject
Global
	GlobalSection(SolutionConfigurationPlatforms) = preSolution
		Debug|Any CPU = Debug|Any CPU
		Release|Any CPU = Release|Any CPU
	EndGlobalSection
	GlobalSection(ProjectConfigurationPlatforms) = postSolution
		{EB49E7C5-7A08-4F84-B16A-0B8C650AC220}.Debug|Any CPU.ActiveCfg = Debug|Any CPU
		{EB49E7C5-7A08-4F84-B16A-0B8C650AC220}.Debug|Any CPU.Build.0 = Debug|Any CPU
		{EB49E7C5-7A08-4F84-B16A-0B8C650AC220}.Release|Any CPU.ActiveCfg = Release|Any CPU
		{EB49E7C5-7A08-4F84-B16A-0B8C650AC220}.Release|Any CPU.Build.0 = Release|Any CPU
		{63F617B3-70AB-468B-A91F-E79890511761}.Debug|Any CPU.ActiveCfg = Debug|Any CPU
		{63F617B3-70AB-468B-A91F-E79890511761}.Debug|Any CPU.Build.0 = Debug|Any CPU
		{63F617B3-70AB-468B-A91F-E79890511761}.Release|Any CPU.ActiveCfg = Release|Any CPU
		{63F617B3-70AB-468B-A91F-E79890511761}.Release|Any CPU.Build.0 = Release|Any CPU
		{11F0EA3D-C505-4509-BE06-36FD5E44A6CA}.Debug|Any CPU.ActiveCfg = Debug|Any CPU
		{11F0EA3D-C505-4509-BE06-36FD5E44A6CA}.Debug|Any CPU.Build.0 = Debug|Any CPU
		{11F0EA3D-C505-4509-BE06-36FD5E44A6CA}.Release|Any CPU.ActiveCfg = Release|Any CPU
		{11F0EA3D-C505-4509-BE06-36FD5E44A6CA}.Release|Any CPU.Build.0 = Release|Any CPU
		{70768AA3-6610-42FF-BF6F-1D6FBF65B5F6}.Debug|Any CPU.ActiveCfg = Debug|Any CPU
		{70768AA3-6610-42FF-BF6F-1D6FBF65B5F6}.Debug|Any CPU.Build.0 = Debug|Any CPU
		{70768AA3-6610-42FF-BF6F-1D6FBF65B5F6}.Release|Any CPU.ActiveCfg = Release|Any CPU
		{70768AA3-6610-42FF-BF6F-1D6FBF65B5F6}.Release|Any CPU.Build.0 = Release|Any CPU
		{D3895714-D14F-4803-897D-2CF27FD009C5}.Debug|Any CPU.ActiveCfg = Debug|Any CPU
		{D3895714-D14F-4803-897D-2CF27FD009C5}.Debug|Any CPU.Build.0 = Debug|Any CPU
		{D3895714-D14F-4803-897D-2CF27FD009C5}.Release|Any CPU.ActiveCfg = Release|Any CPU
		{D3895714-D14F-4803-897D-2CF27FD009C5}.Release|Any CPU.Build.0 = Release|Any CPU
		{C24EE135-32FF-4505-8DBA-485CEC3FCE79}.Debug|Any CPU.ActiveCfg = Debug|Any CPU
		{C24EE135-32FF-4505-8DBA-485CEC3FCE79}.Debug|Any CPU.Build.0 = Debug|Any CPU
		{C24EE135-32FF-4505-8DBA-485CEC3FCE79}.Release|Any CPU.ActiveCfg = Release|Any CPU
		{C24EE135-32FF-4505-8DBA-485CEC3FCE79}.Release|Any CPU.Build.0 = Release|Any CPU
		{E92E6B4A-2052-48D5-997A-51E9D03B9C3B}.Debug|Any CPU.ActiveCfg = Debug|Any CPU
		{E92E6B4A-2052-48D5-997A-51E9D03B9C3B}.Debug|Any CPU.Build.0 = Debug|Any CPU
		{E92E6B4A-2052-48D5-997A-51E9D03B9C3B}.Release|Any CPU.ActiveCfg = Release|Any CPU
		{E92E6B4A-2052-48D5-997A-51E9D03B9C3B}.Release|Any CPU.Build.0 = Release|Any CPU
		{6877C84C-EDB3-492D-8AC9-58B1206FB092}.Debug|Any CPU.ActiveCfg = Debug|Any CPU
		{6877C84C-EDB3-492D-8AC9-58B1206FB092}.Debug|Any CPU.Build.0 = Debug|Any CPU
		{6877C84C-EDB3-492D-8AC9-58B1206FB092}.Release|Any CPU.ActiveCfg = Release|Any CPU
		{6877C84C-EDB3-492D-8AC9-58B1206FB092}.Release|Any CPU.Build.0 = Release|Any CPU
		{794FCBF0-1C34-4CAE-A0E7-363127C52D30}.Debug|Any CPU.ActiveCfg = Debug|Any CPU
		{794FCBF0-1C34-4CAE-A0E7-363127C52D30}.Debug|Any CPU.Build.0 = Debug|Any CPU
		{794FCBF0-1C34-4CAE-A0E7-363127C52D30}.Release|Any CPU.ActiveCfg = Release|Any CPU
		{794FCBF0-1C34-4CAE-A0E7-363127C52D30}.Release|Any CPU.Build.0 = Release|Any CPU
		{B6069195-5CBA-4CAF-9651-C7F473210DA6}.Debug|Any CPU.ActiveCfg = Debug|Any CPU
		{B6069195-5CBA-4CAF-9651-C7F473210DA6}.Debug|Any CPU.Build.0 = Debug|Any CPU
		{B6069195-5CBA-4CAF-9651-C7F473210DA6}.Release|Any CPU.ActiveCfg = Release|Any CPU
		{B6069195-5CBA-4CAF-9651-C7F473210DA6}.Release|Any CPU.Build.0 = Release|Any CPU
		{820A4A0F-99A2-4F4B-A29A-409E6A31431B}.Debug|Any CPU.ActiveCfg = Debug|Any CPU
		{820A4A0F-99A2-4F4B-A29A-409E6A31431B}.Debug|Any CPU.Build.0 = Debug|Any CPU
		{820A4A0F-99A2-4F4B-A29A-409E6A31431B}.Release|Any CPU.ActiveCfg = Release|Any CPU
		{820A4A0F-99A2-4F4B-A29A-409E6A31431B}.Release|Any CPU.Build.0 = Release|Any CPU
		{19BE6F8A-7494-48A3-B977-0CDE754F9678}.Debug|Any CPU.ActiveCfg = Debug|Any CPU
		{19BE6F8A-7494-48A3-B977-0CDE754F9678}.Debug|Any CPU.Build.0 = Debug|Any CPU
		{19BE6F8A-7494-48A3-B977-0CDE754F9678}.Release|Any CPU.ActiveCfg = Release|Any CPU
		{19BE6F8A-7494-48A3-B977-0CDE754F9678}.Release|Any CPU.Build.0 = Release|Any CPU
		{6CAE3AC0-DA4F-49A2-AAC4-7ED23B4AB82E}.Debug|Any CPU.ActiveCfg = Debug|Any CPU
		{6CAE3AC0-DA4F-49A2-AAC4-7ED23B4AB82E}.Debug|Any CPU.Build.0 = Debug|Any CPU
		{6CAE3AC0-DA4F-49A2-AAC4-7ED23B4AB82E}.Release|Any CPU.ActiveCfg = Release|Any CPU
		{6CAE3AC0-DA4F-49A2-AAC4-7ED23B4AB82E}.Release|Any CPU.Build.0 = Release|Any CPU
		{E15128CB-7637-4DAC-961B-07990CBC2892}.Debug|Any CPU.ActiveCfg = Debug|Any CPU
		{E15128CB-7637-4DAC-961B-07990CBC2892}.Debug|Any CPU.Build.0 = Debug|Any CPU
		{E15128CB-7637-4DAC-961B-07990CBC2892}.Release|Any CPU.ActiveCfg = Release|Any CPU
		{E15128CB-7637-4DAC-961B-07990CBC2892}.Release|Any CPU.Build.0 = Release|Any CPU
		{A16AEC2B-B70E-456C-8162-3F73780CD318}.Debug|Any CPU.ActiveCfg = Debug|Any CPU
		{A16AEC2B-B70E-456C-8162-3F73780CD318}.Debug|Any CPU.Build.0 = Debug|Any CPU
		{A16AEC2B-B70E-456C-8162-3F73780CD318}.Release|Any CPU.ActiveCfg = Release|Any CPU
		{A16AEC2B-B70E-456C-8162-3F73780CD318}.Release|Any CPU.Build.0 = Release|Any CPU
		{65A3CAEB-A77C-41E4-AA32-B88B9A0C2A6B}.Debug|Any CPU.ActiveCfg = Debug|Any CPU
		{65A3CAEB-A77C-41E4-AA32-B88B9A0C2A6B}.Debug|Any CPU.Build.0 = Debug|Any CPU
		{65A3CAEB-A77C-41E4-AA32-B88B9A0C2A6B}.Release|Any CPU.ActiveCfg = Release|Any CPU
		{65A3CAEB-A77C-41E4-AA32-B88B9A0C2A6B}.Release|Any CPU.Build.0 = Release|Any CPU
		{1CAD8B1D-06BC-4EE1-82AB-3D439A065C57}.Debug|Any CPU.ActiveCfg = Debug|Any CPU
		{1CAD8B1D-06BC-4EE1-82AB-3D439A065C57}.Debug|Any CPU.Build.0 = Debug|Any CPU
		{1CAD8B1D-06BC-4EE1-82AB-3D439A065C57}.Release|Any CPU.ActiveCfg = Release|Any CPU
		{1CAD8B1D-06BC-4EE1-82AB-3D439A065C57}.Release|Any CPU.Build.0 = Release|Any CPU
	EndGlobalSection
	GlobalSection(SolutionProperties) = preSolution
		HideSolutionNode = FALSE
	EndGlobalSection
EndGlobal
