
Microsoft Visual Studio Solution File, Format Version 12.00
# Visual Studio 2013
VisualStudioVersion = 12.0.31101.0
MinimumVisualStudioVersion = 10.0.40219.1
Project("{FAE04EC0-301F-11D3-BF4B-00C04F79EFBC}") = "Problem01", "HWLoops\Problem01.csproj", "{DBC4941A-135F-4992-B116-775699D21AA8}"
EndProject
Project("{FAE04EC0-301F-11D3-BF4B-00C04F79EFBC}") = "Problem02", "Problem02\Problem02.csproj", "{10A738C3-7942-4356-BFF3-256CBE4A02D3}"
EndProject
Project("{FAE04EC0-301F-11D3-BF4B-00C04F79EFBC}") = "Problem03", "Problem03\Problem03.csproj", "{5DE09DBB-DA3A-4897-A5FA-7B1CA0B3E7C6}"
EndProject
Project("{FAE04EC0-301F-11D3-BF4B-00C04F79EFBC}") = "Problem04", "Problem04\Problem04.csproj", "{281A09E4-E1EB-4CCA-89B8-980CF6B3F1BF}"
EndProject
Project("{FAE04EC0-301F-11D3-BF4B-00C04F79EFBC}") = "Problem05", "Problem05\Problem05.csproj", "{17E95C4C-72BB-4EE6-BD97-96C1D6E5B310}"
EndProject
Project("{FAE04EC0-301F-11D3-BF4B-00C04F79EFBC}") = "Problem06", "Problem06\Problem06.csproj", "{FF20E0BB-4B8E-4EFD-8103-4B58B64E3E59}"
EndProject
Project("{FAE04EC0-301F-11D3-BF4B-00C04F79EFBC}") = "Problem07", "Problem07\Problem07.csproj", "{BD603459-DCD0-45FC-873D-FA0E56BB0FF6}"
EndProject
Project("{FAE04EC0-301F-11D3-BF4B-00C04F79EFBC}") = "Problem08", "Problem08\Problem08.csproj", "{734EECB7-84D4-42C9-B7A6-F70E4C2DC2F2}"
EndProject
Project("{FAE04EC0-301F-11D3-BF4B-00C04F79EFBC}") = "Problem09", "Problem09\Problem09.csproj", "{803FF028-F824-4652-84EB-6398810FDF19}"
EndProject
Project("{FAE04EC0-301F-11D3-BF4B-00C04F79EFBC}") = "Problem10", "Problem10\Problem10.csproj", "{8F78E1AB-289C-45DD-BFF1-25920AB7E037}"
EndProject
Project("{FAE04EC0-301F-11D3-BF4B-00C04F79EFBC}") = "Problem11", "Problem11\Problem11.csproj", "{1BEC5F69-C942-4DF6-A2DD-5C9505F77B3C}"
EndProject
Project("{FAE04EC0-301F-11D3-BF4B-00C04F79EFBC}") = "Problem12", "Problem12\Problem12.csproj", "{B45E0987-4202-4B9D-AFED-9FACBA49382C}"
EndProject
Project("{FAE04EC0-301F-11D3-BF4B-00C04F79EFBC}") = "Problem13", "Problem13\Problem13.csproj", "{F755BF1D-FF5D-4EC4-8674-5F9BFDB7441A}"
EndProject
Project("{FAE04EC0-301F-11D3-BF4B-00C04F79EFBC}") = "Problem14", "Problem14\Problem14.csproj", "{B0149B02-E857-4507-A06B-45099E6F4C16}"
EndProject
Project("{FAE04EC0-301F-11D3-BF4B-00C04F79EFBC}") = "Problem15", "Problem15\Problem15.csproj", "{A469B7F9-CD34-41A3-96AD-561616B4F308}"
EndProject
Project("{FAE04EC0-301F-11D3-BF4B-00C04F79EFBC}") = "Problem16", "Problem16\Problem16.csproj", "{BFFE7340-6BCE-4C12-B6A3-1793B5CBB51D}"
EndProject
Project("{FAE04EC0-301F-11D3-BF4B-00C04F79EFBC}") = "Problem17", "Problem17\Problem17.csproj", "{9918050C-D94F-4C82-81A6-34493B191CF0}"
EndProject
Project("{FAE04EC0-301F-11D3-BF4B-00C04F79EFBC}") = "Problem18", "Problem18\Problem18.csproj", "{01FF09A2-0520-4222-B2AC-928FCEE59081}"
EndProject
Project("{FAE04EC0-301F-11D3-BF4B-00C04F79EFBC}") = "Problem19", "Problem19\Problem19.csproj", "{CF2E5CD1-820B-477D-A088-0DEAFB188CA2}"
EndProject
Global
	GlobalSection(SolutionConfigurationPlatforms) = preSolution
		Debug|Any CPU = Debug|Any CPU
		Release|Any CPU = Release|Any CPU
	EndGlobalSection
	GlobalSection(ProjectConfigurationPlatforms) = postSolution
		{DBC4941A-135F-4992-B116-775699D21AA8}.Debug|Any CPU.ActiveCfg = Debug|Any CPU
		{DBC4941A-135F-4992-B116-775699D21AA8}.Debug|Any CPU.Build.0 = Debug|Any CPU
		{DBC4941A-135F-4992-B116-775699D21AA8}.Release|Any CPU.ActiveCfg = Release|Any CPU
		{DBC4941A-135F-4992-B116-775699D21AA8}.Release|Any CPU.Build.0 = Release|Any CPU
		{10A738C3-7942-4356-BFF3-256CBE4A02D3}.Debug|Any CPU.ActiveCfg = Debug|Any CPU
		{10A738C3-7942-4356-BFF3-256CBE4A02D3}.Debug|Any CPU.Build.0 = Debug|Any CPU
		{10A738C3-7942-4356-BFF3-256CBE4A02D3}.Release|Any CPU.ActiveCfg = Release|Any CPU
		{10A738C3-7942-4356-BFF3-256CBE4A02D3}.Release|Any CPU.Build.0 = Release|Any CPU
		{5DE09DBB-DA3A-4897-A5FA-7B1CA0B3E7C6}.Debug|Any CPU.ActiveCfg = Debug|Any CPU
		{5DE09DBB-DA3A-4897-A5FA-7B1CA0B3E7C6}.Debug|Any CPU.Build.0 = Debug|Any CPU
		{5DE09DBB-DA3A-4897-A5FA-7B1CA0B3E7C6}.Release|Any CPU.ActiveCfg = Release|Any CPU
		{5DE09DBB-DA3A-4897-A5FA-7B1CA0B3E7C6}.Release|Any CPU.Build.0 = Release|Any CPU
		{281A09E4-E1EB-4CCA-89B8-980CF6B3F1BF}.Debug|Any CPU.ActiveCfg = Debug|Any CPU
		{281A09E4-E1EB-4CCA-89B8-980CF6B3F1BF}.Debug|Any CPU.Build.0 = Debug|Any CPU
		{281A09E4-E1EB-4CCA-89B8-980CF6B3F1BF}.Release|Any CPU.ActiveCfg = Release|Any CPU
		{281A09E4-E1EB-4CCA-89B8-980CF6B3F1BF}.Release|Any CPU.Build.0 = Release|Any CPU
		{17E95C4C-72BB-4EE6-BD97-96C1D6E5B310}.Debug|Any CPU.ActiveCfg = Debug|Any CPU
		{17E95C4C-72BB-4EE6-BD97-96C1D6E5B310}.Debug|Any CPU.Build.0 = Debug|Any CPU
		{17E95C4C-72BB-4EE6-BD97-96C1D6E5B310}.Release|Any CPU.ActiveCfg = Release|Any CPU
		{17E95C4C-72BB-4EE6-BD97-96C1D6E5B310}.Release|Any CPU.Build.0 = Release|Any CPU
		{FF20E0BB-4B8E-4EFD-8103-4B58B64E3E59}.Debug|Any CPU.ActiveCfg = Debug|Any CPU
		{FF20E0BB-4B8E-4EFD-8103-4B58B64E3E59}.Debug|Any CPU.Build.0 = Debug|Any CPU
		{FF20E0BB-4B8E-4EFD-8103-4B58B64E3E59}.Release|Any CPU.ActiveCfg = Release|Any CPU
		{FF20E0BB-4B8E-4EFD-8103-4B58B64E3E59}.Release|Any CPU.Build.0 = Release|Any CPU
		{BD603459-DCD0-45FC-873D-FA0E56BB0FF6}.Debug|Any CPU.ActiveCfg = Debug|Any CPU
		{BD603459-DCD0-45FC-873D-FA0E56BB0FF6}.Debug|Any CPU.Build.0 = Debug|Any CPU
		{BD603459-DCD0-45FC-873D-FA0E56BB0FF6}.Release|Any CPU.ActiveCfg = Release|Any CPU
		{BD603459-DCD0-45FC-873D-FA0E56BB0FF6}.Release|Any CPU.Build.0 = Release|Any CPU
		{734EECB7-84D4-42C9-B7A6-F70E4C2DC2F2}.Debug|Any CPU.ActiveCfg = Debug|Any CPU
		{734EECB7-84D4-42C9-B7A6-F70E4C2DC2F2}.Debug|Any CPU.Build.0 = Debug|Any CPU
		{734EECB7-84D4-42C9-B7A6-F70E4C2DC2F2}.Release|Any CPU.ActiveCfg = Release|Any CPU
		{734EECB7-84D4-42C9-B7A6-F70E4C2DC2F2}.Release|Any CPU.Build.0 = Release|Any CPU
		{803FF028-F824-4652-84EB-6398810FDF19}.Debug|Any CPU.ActiveCfg = Debug|Any CPU
		{803FF028-F824-4652-84EB-6398810FDF19}.Debug|Any CPU.Build.0 = Debug|Any CPU
		{803FF028-F824-4652-84EB-6398810FDF19}.Release|Any CPU.ActiveCfg = Release|Any CPU
		{803FF028-F824-4652-84EB-6398810FDF19}.Release|Any CPU.Build.0 = Release|Any CPU
		{8F78E1AB-289C-45DD-BFF1-25920AB7E037}.Debug|Any CPU.ActiveCfg = Debug|Any CPU
		{8F78E1AB-289C-45DD-BFF1-25920AB7E037}.Debug|Any CPU.Build.0 = Debug|Any CPU
		{8F78E1AB-289C-45DD-BFF1-25920AB7E037}.Release|Any CPU.ActiveCfg = Release|Any CPU
		{8F78E1AB-289C-45DD-BFF1-25920AB7E037}.Release|Any CPU.Build.0 = Release|Any CPU
		{1BEC5F69-C942-4DF6-A2DD-5C9505F77B3C}.Debug|Any CPU.ActiveCfg = Debug|Any CPU
		{1BEC5F69-C942-4DF6-A2DD-5C9505F77B3C}.Debug|Any CPU.Build.0 = Debug|Any CPU
		{1BEC5F69-C942-4DF6-A2DD-5C9505F77B3C}.Release|Any CPU.ActiveCfg = Release|Any CPU
		{1BEC5F69-C942-4DF6-A2DD-5C9505F77B3C}.Release|Any CPU.Build.0 = Release|Any CPU
		{B45E0987-4202-4B9D-AFED-9FACBA49382C}.Debug|Any CPU.ActiveCfg = Debug|Any CPU
		{B45E0987-4202-4B9D-AFED-9FACBA49382C}.Debug|Any CPU.Build.0 = Debug|Any CPU
		{B45E0987-4202-4B9D-AFED-9FACBA49382C}.Release|Any CPU.ActiveCfg = Release|Any CPU
		{B45E0987-4202-4B9D-AFED-9FACBA49382C}.Release|Any CPU.Build.0 = Release|Any CPU
		{F755BF1D-FF5D-4EC4-8674-5F9BFDB7441A}.Debug|Any CPU.ActiveCfg = Debug|Any CPU
		{F755BF1D-FF5D-4EC4-8674-5F9BFDB7441A}.Debug|Any CPU.Build.0 = Debug|Any CPU
		{F755BF1D-FF5D-4EC4-8674-5F9BFDB7441A}.Release|Any CPU.ActiveCfg = Release|Any CPU
		{F755BF1D-FF5D-4EC4-8674-5F9BFDB7441A}.Release|Any CPU.Build.0 = Release|Any CPU
		{B0149B02-E857-4507-A06B-45099E6F4C16}.Debug|Any CPU.ActiveCfg = Debug|Any CPU
		{B0149B02-E857-4507-A06B-45099E6F4C16}.Debug|Any CPU.Build.0 = Debug|Any CPU
		{B0149B02-E857-4507-A06B-45099E6F4C16}.Release|Any CPU.ActiveCfg = Release|Any CPU
		{B0149B02-E857-4507-A06B-45099E6F4C16}.Release|Any CPU.Build.0 = Release|Any CPU
		{A469B7F9-CD34-41A3-96AD-561616B4F308}.Debug|Any CPU.ActiveCfg = Debug|Any CPU
		{A469B7F9-CD34-41A3-96AD-561616B4F308}.Debug|Any CPU.Build.0 = Debug|Any CPU
		{A469B7F9-CD34-41A3-96AD-561616B4F308}.Release|Any CPU.ActiveCfg = Release|Any CPU
		{A469B7F9-CD34-41A3-96AD-561616B4F308}.Release|Any CPU.Build.0 = Release|Any CPU
		{BFFE7340-6BCE-4C12-B6A3-1793B5CBB51D}.Debug|Any CPU.ActiveCfg = Debug|Any CPU
		{BFFE7340-6BCE-4C12-B6A3-1793B5CBB51D}.Debug|Any CPU.Build.0 = Debug|Any CPU
		{BFFE7340-6BCE-4C12-B6A3-1793B5CBB51D}.Release|Any CPU.ActiveCfg = Release|Any CPU
		{BFFE7340-6BCE-4C12-B6A3-1793B5CBB51D}.Release|Any CPU.Build.0 = Release|Any CPU
		{9918050C-D94F-4C82-81A6-34493B191CF0}.Debug|Any CPU.ActiveCfg = Debug|Any CPU
		{9918050C-D94F-4C82-81A6-34493B191CF0}.Debug|Any CPU.Build.0 = Debug|Any CPU
		{9918050C-D94F-4C82-81A6-34493B191CF0}.Release|Any CPU.ActiveCfg = Release|Any CPU
		{9918050C-D94F-4C82-81A6-34493B191CF0}.Release|Any CPU.Build.0 = Release|Any CPU
		{01FF09A2-0520-4222-B2AC-928FCEE59081}.Debug|Any CPU.ActiveCfg = Debug|Any CPU
		{01FF09A2-0520-4222-B2AC-928FCEE59081}.Debug|Any CPU.Build.0 = Debug|Any CPU
		{01FF09A2-0520-4222-B2AC-928FCEE59081}.Release|Any CPU.ActiveCfg = Release|Any CPU
		{01FF09A2-0520-4222-B2AC-928FCEE59081}.Release|Any CPU.Build.0 = Release|Any CPU
		{CF2E5CD1-820B-477D-A088-0DEAFB188CA2}.Debug|Any CPU.ActiveCfg = Debug|Any CPU
		{CF2E5CD1-820B-477D-A088-0DEAFB188CA2}.Debug|Any CPU.Build.0 = Debug|Any CPU
		{CF2E5CD1-820B-477D-A088-0DEAFB188CA2}.Release|Any CPU.ActiveCfg = Release|Any CPU
		{CF2E5CD1-820B-477D-A088-0DEAFB188CA2}.Release|Any CPU.Build.0 = Release|Any CPU
	EndGlobalSection
	GlobalSection(SolutionProperties) = preSolution
		HideSolutionNode = FALSE
	EndGlobalSection
EndGlobal
