
Microsoft Visual Studio Solution File, Format Version 12.00
# Visual Studio 2013
VisualStudioVersion = 12.0.31101.0
MinimumVisualStudioVersion = 10.0.40219.1
Project("{FAE04EC0-301F-11D3-BF4B-00C04F79EFBC}") = "PrintFirstLast", "PrintFirstLast\PrintFirstLast.csproj", "{3840EE72-6D57-437C-95F7-4B4B6C04D36C}"
EndProject
Global
	GlobalSection(SolutionConfigurationPlatforms) = preSolution
		Debug|Any CPU = Debug|Any CPU
		Release|Any CPU = Release|Any CPU
	EndGlobalSection
	GlobalSection(ProjectConfigurationPlatforms) = postSolution
		{3840EE72-6D57-437C-95F7-4B4B6C04D36C}.Debug|Any CPU.ActiveCfg = Debug|Any CPU
		{3840EE72-6D57-437C-95F7-4B4B6C04D36C}.Debug|Any CPU.Build.0 = Debug|Any CPU
		{3840EE72-6D57-437C-95F7-4B4B6C04D36C}.Release|Any CPU.ActiveCfg = Release|Any CPU
		{3840EE72-6D57-437C-95F7-4B4B6C04D36C}.Release|Any CPU.Build.0 = Release|Any CPU
	EndGlobalSection
	GlobalSection(SolutionProperties) = preSolution
		HideSolutionNode = FALSE
	EndGlobalSection
EndGlobal
